// !$*UTF8*$!
{
	archiveVersion = 1;
	classes = {
	};
	objectVersion = 50;
	objects = {

/* Begin PBXBuildFile section */
		C469F35723167404004F9C64 /* AppDelegate.swift in Sources */ = {isa = PBXBuildFile; fileRef = C469F35623167404004F9C64 /* AppDelegate.swift */; };
		C469F35E23167405004F9C64 /* Assets.xcassets in Resources */ = {isa = PBXBuildFile; fileRef = C469F35D23167405004F9C64 /* Assets.xcassets */; };
		C469F36123167405004F9C64 /* LaunchScreen.storyboard in Resources */ = {isa = PBXBuildFile; fileRef = C469F35F23167405004F9C64 /* LaunchScreen.storyboard */; };
		C469F36C23167405004F9C64 /* MUTestAppTests.swift in Sources */ = {isa = PBXBuildFile; fileRef = C469F36B23167405004F9C64 /* MUTestAppTests.swift */; };
		C469F37F23167703004F9C64 /* Alamofire.framework in Frameworks */ = {isa = PBXBuildFile; fileRef = C469F37D23167702004F9C64 /* Alamofire.framework */; };
		C469F38023167703004F9C64 /* Kingfisher.framework in Frameworks */ = {isa = PBXBuildFile; fileRef = C469F37E23167702004F9C64 /* Kingfisher.framework */; };
		C469F4142316AF20004F9C64 /* Reachability.swift in Sources */ = {isa = PBXBuildFile; fileRef = C469F4102316AF20004F9C64 /* Reachability.swift */; };
		C469F4152316AF20004F9C64 /* Completion.swift in Sources */ = {isa = PBXBuildFile; fileRef = C469F4132316AF20004F9C64 /* Completion.swift */; };
		C469F41D2316AF3D004F9C64 /* UIViewController+ShowAlert.swift in Sources */ = {isa = PBXBuildFile; fileRef = C469F4192316AF3D004F9C64 /* UIViewController+ShowAlert.swift */; };
		C469F41E2316AF3D004F9C64 /* Presentable.swift in Sources */ = {isa = PBXBuildFile; fileRef = C469F41A2316AF3D004F9C64 /* Presentable.swift */; };
		C469F41F2316AF3D004F9C64 /* Storyboard.swift in Sources */ = {isa = PBXBuildFile; fileRef = C469F41B2316AF3D004F9C64 /* Storyboard.swift */; };
		C469F4202316AF3D004F9C64 /* NavigationController.swift in Sources */ = {isa = PBXBuildFile; fileRef = C469F41C2316AF3D004F9C64 /* NavigationController.swift */; };
		C469F4222316AF7F004F9C64 /* MessagesNetworkService.swift in Sources */ = {isa = PBXBuildFile; fileRef = C469F4212316AF7F004F9C64 /* MessagesNetworkService.swift */; };
		C469F4272316AFF8004F9C64 /* Message.swift in Sources */ = {isa = PBXBuildFile; fileRef = C469F4232316AFF8004F9C64 /* Message.swift */; };
		C469F4282316AFF8004F9C64 /* MessagesResponse.swift in Sources */ = {isa = PBXBuildFile; fileRef = C469F4252316AFF8004F9C64 /* MessagesResponse.swift */; };
		C469F4292316AFF8004F9C64 /* Image.swift in Sources */ = {isa = PBXBuildFile; fileRef = C469F4262316AFF8004F9C64 /* Image.swift */; };
		C469F42B2316B006004F9C64 /* Constants.swift in Sources */ = {isa = PBXBuildFile; fileRef = C469F42A2316B005004F9C64 /* Constants.swift */; };
		C469F42D2316B06C004F9C64 /* AppCoordinator.swift in Sources */ = {isa = PBXBuildFile; fileRef = C469F42C2316B06C004F9C64 /* AppCoordinator.swift */; };
		C469F42F2316B09B004F9C64 /* ServicesFactory.swift in Sources */ = {isa = PBXBuildFile; fileRef = C469F42E2316B09B004F9C64 /* ServicesFactory.swift */; };
		C469F4312316B0AD004F9C64 /* ModulesFactory.swift in Sources */ = {isa = PBXBuildFile; fileRef = C469F4302316B0AD004F9C64 /* ModulesFactory.swift */; };
		C469F43D2316B197004F9C64 /* MessageTableViewCell.swift in Sources */ = {isa = PBXBuildFile; fileRef = C469F4342316B197004F9C64 /* MessageTableViewCell.swift */; };
		C469F43E2316B197004F9C64 /* MessageTableViewCell.xib in Resources */ = {isa = PBXBuildFile; fileRef = C469F4352316B197004F9C64 /* MessageTableViewCell.xib */; };
		C469F43F2316B197004F9C64 /* Messages.storyboard in Resources */ = {isa = PBXBuildFile; fileRef = C469F4362316B197004F9C64 /* Messages.storyboard */; };
		C469F4402316B197004F9C64 /* MessagesCoordinator.swift in Sources */ = {isa = PBXBuildFile; fileRef = C469F4382316B197004F9C64 /* MessagesCoordinator.swift */; };
		C469F4412316B197004F9C64 /* MessagesViewController.swift in Sources */ = {isa = PBXBuildFile; fileRef = C469F43A2316B197004F9C64 /* MessagesViewController.swift */; };
		C469F4422316B197004F9C64 /* EmptyViewController.swift in Sources */ = {isa = PBXBuildFile; fileRef = C469F43B2316B197004F9C64 /* EmptyViewController.swift */; };
		C469F4432316B197004F9C64 /* LoadingViewController.swift in Sources */ = {isa = PBXBuildFile; fileRef = C469F43C2316B197004F9C64 /* LoadingViewController.swift */; };
		C469F4452316BA49004F9C64 /* UIImageView+setImage.swift in Sources */ = {isa = PBXBuildFile; fileRef = C469F4442316BA49004F9C64 /* UIImageView+setImage.swift */; };
		C469F4482316C8B5004F9C64 /* MessagesController.swift in Sources */ = {isa = PBXBuildFile; fileRef = C469F4472316C8B5004F9C64 /* MessagesController.swift */; };
		C469F44B2316CD15004F9C64 /* UIViewController+Child.swift in Sources */ = {isa = PBXBuildFile; fileRef = C469F44A2316CD15004F9C64 /* UIViewController+Child.swift */; };
		C469F4502316D1FA004F9C64 /* MockMessagesNetworkService.swift in Sources */ = {isa = PBXBuildFile; fileRef = C469F44F2316D1FA004F9C64 /* MockMessagesNetworkService.swift */; };
		C469F46C2316E40B004F9C64 /* BaseViewController.swift in Sources */ = {isa = PBXBuildFile; fileRef = C469F46B2316E40B004F9C64 /* BaseViewController.swift */; };
/* End PBXBuildFile section */

/* Begin PBXContainerItemProxy section */
		C469F36823167405004F9C64 /* PBXContainerItemProxy */ = {
			isa = PBXContainerItemProxy;
			containerPortal = C469F34B23167404004F9C64 /* Project object */;
			proxyType = 1;
			remoteGlobalIDString = C469F35223167404004F9C64;
			remoteInfo = MUTestApp;
		};
/* End PBXContainerItemProxy section */

/* Begin PBXFileReference section */
		C469F35323167404004F9C64 /* MUTestApp.app */ = {isa = PBXFileReference; explicitFileType = wrapper.application; includeInIndex = 0; path = MUTestApp.app; sourceTree = BUILT_PRODUCTS_DIR; };
		C469F35623167404004F9C64 /* AppDelegate.swift */ = {isa = PBXFileReference; lastKnownFileType = sourcecode.swift; path = AppDelegate.swift; sourceTree = "<group>"; };
		C469F35D23167405004F9C64 /* Assets.xcassets */ = {isa = PBXFileReference; lastKnownFileType = folder.assetcatalog; path = Assets.xcassets; sourceTree = "<group>"; };
		C469F36023167405004F9C64 /* Base */ = {isa = PBXFileReference; lastKnownFileType = file.storyboard; name = Base; path = Base.lproj/LaunchScreen.storyboard; sourceTree = "<group>"; };
		C469F36223167405004F9C64 /* Info.plist */ = {isa = PBXFileReference; lastKnownFileType = text.plist.xml; path = Info.plist; sourceTree = "<group>"; };
		C469F36723167405004F9C64 /* MUTestAppTests.xctest */ = {isa = PBXFileReference; explicitFileType = wrapper.cfbundle; includeInIndex = 0; path = MUTestAppTests.xctest; sourceTree = BUILT_PRODUCTS_DIR; };
		C469F36B23167405004F9C64 /* MUTestAppTests.swift */ = {isa = PBXFileReference; lastKnownFileType = sourcecode.swift; path = MUTestAppTests.swift; sourceTree = "<group>"; };
		C469F36D23167405004F9C64 /* Info.plist */ = {isa = PBXFileReference; lastKnownFileType = text.plist.xml; path = Info.plist; sourceTree = "<group>"; };
		C469F37D23167702004F9C64 /* Alamofire.framework */ = {isa = PBXFileReference; lastKnownFileType = wrapper.framework; name = Alamofire.framework; path = Carthage/Build/iOS/Alamofire.framework; sourceTree = "<group>"; };
		C469F37E23167702004F9C64 /* Kingfisher.framework */ = {isa = PBXFileReference; lastKnownFileType = wrapper.framework; name = Kingfisher.framework; path = Carthage/Build/iOS/Kingfisher.framework; sourceTree = "<group>"; };
		C469F4102316AF20004F9C64 /* Reachability.swift */ = {isa = PBXFileReference; fileEncoding = 4; lastKnownFileType = sourcecode.swift; path = Reachability.swift; sourceTree = "<group>"; };
		C469F4132316AF20004F9C64 /* Completion.swift */ = {isa = PBXFileReference; fileEncoding = 4; lastKnownFileType = sourcecode.swift; path = Completion.swift; sourceTree = "<group>"; };
		C469F4192316AF3D004F9C64 /* UIViewController+ShowAlert.swift */ = {isa = PBXFileReference; fileEncoding = 4; lastKnownFileType = sourcecode.swift; path = "UIViewController+ShowAlert.swift"; sourceTree = "<group>"; };
		C469F41A2316AF3D004F9C64 /* Presentable.swift */ = {isa = PBXFileReference; fileEncoding = 4; lastKnownFileType = sourcecode.swift; path = Presentable.swift; sourceTree = "<group>"; };
		C469F41B2316AF3D004F9C64 /* Storyboard.swift */ = {isa = PBXFileReference; fileEncoding = 4; lastKnownFileType = sourcecode.swift; path = Storyboard.swift; sourceTree = "<group>"; };
		C469F41C2316AF3D004F9C64 /* NavigationController.swift */ = {isa = PBXFileReference; fileEncoding = 4; lastKnownFileType = sourcecode.swift; path = NavigationController.swift; sourceTree = "<group>"; };
		C469F4212316AF7F004F9C64 /* MessagesNetworkService.swift */ = {isa = PBXFileReference; fileEncoding = 4; lastKnownFileType = sourcecode.swift; path = MessagesNetworkService.swift; sourceTree = "<group>"; };
		C469F4232316AFF8004F9C64 /* Message.swift */ = {isa = PBXFileReference; fileEncoding = 4; lastKnownFileType = sourcecode.swift; path = Message.swift; sourceTree = "<group>"; };
		C469F4252316AFF8004F9C64 /* MessagesResponse.swift */ = {isa = PBXFileReference; fileEncoding = 4; lastKnownFileType = sourcecode.swift; path = MessagesResponse.swift; sourceTree = "<group>"; };
		C469F4262316AFF8004F9C64 /* Image.swift */ = {isa = PBXFileReference; fileEncoding = 4; lastKnownFileType = sourcecode.swift; path = Image.swift; sourceTree = "<group>"; };
		C469F42A2316B005004F9C64 /* Constants.swift */ = {isa = PBXFileReference; fileEncoding = 4; lastKnownFileType = sourcecode.swift; path = Constants.swift; sourceTree = "<group>"; };
		C469F42C2316B06C004F9C64 /* AppCoordinator.swift */ = {isa = PBXFileReference; fileEncoding = 4; lastKnownFileType = sourcecode.swift; path = AppCoordinator.swift; sourceTree = "<group>"; };
		C469F42E2316B09B004F9C64 /* ServicesFactory.swift */ = {isa = PBXFileReference; fileEncoding = 4; lastKnownFileType = sourcecode.swift; path = ServicesFactory.swift; sourceTree = "<group>"; };
		C469F4302316B0AD004F9C64 /* ModulesFactory.swift */ = {isa = PBXFileReference; fileEncoding = 4; lastKnownFileType = sourcecode.swift; path = ModulesFactory.swift; sourceTree = "<group>"; };
		C469F4342316B197004F9C64 /* MessageTableViewCell.swift */ = {isa = PBXFileReference; fileEncoding = 4; lastKnownFileType = sourcecode.swift; path = MessageTableViewCell.swift; sourceTree = "<group>"; };
		C469F4352316B197004F9C64 /* MessageTableViewCell.xib */ = {isa = PBXFileReference; fileEncoding = 4; lastKnownFileType = file.xib; path = MessageTableViewCell.xib; sourceTree = "<group>"; };
		C469F4372316B197004F9C64 /* Base */ = {isa = PBXFileReference; lastKnownFileType = file.storyboard; name = Base; path = Base.lproj/Messages.storyboard; sourceTree = "<group>"; };
		C469F4382316B197004F9C64 /* MessagesCoordinator.swift */ = {isa = PBXFileReference; fileEncoding = 4; lastKnownFileType = sourcecode.swift; path = MessagesCoordinator.swift; sourceTree = "<group>"; };
		C469F43A2316B197004F9C64 /* MessagesViewController.swift */ = {isa = PBXFileReference; fileEncoding = 4; lastKnownFileType = sourcecode.swift; path = MessagesViewController.swift; sourceTree = "<group>"; };
		C469F43B2316B197004F9C64 /* EmptyViewController.swift */ = {isa = PBXFileReference; fileEncoding = 4; lastKnownFileType = sourcecode.swift; path = EmptyViewController.swift; sourceTree = "<group>"; };
		C469F43C2316B197004F9C64 /* LoadingViewController.swift */ = {isa = PBXFileReference; fileEncoding = 4; lastKnownFileType = sourcecode.swift; path = LoadingViewController.swift; sourceTree = "<group>"; };
		C469F4442316BA49004F9C64 /* UIImageView+setImage.swift */ = {isa = PBXFileReference; lastKnownFileType = sourcecode.swift; path = "UIImageView+setImage.swift"; sourceTree = "<group>"; };
		C469F4472316C8B5004F9C64 /* MessagesController.swift */ = {isa = PBXFileReference; lastKnownFileType = sourcecode.swift; path = MessagesController.swift; sourceTree = "<group>"; };
		C469F44A2316CD15004F9C64 /* UIViewController+Child.swift */ = {isa = PBXFileReference; lastKnownFileType = sourcecode.swift; path = "UIViewController+Child.swift"; sourceTree = "<group>"; };
		C469F44F2316D1FA004F9C64 /* MockMessagesNetworkService.swift */ = {isa = PBXFileReference; lastKnownFileType = sourcecode.swift; path = MockMessagesNetworkService.swift; sourceTree = "<group>"; };
		C469F46B2316E40B004F9C64 /* BaseViewController.swift */ = {isa = PBXFileReference; lastKnownFileType = sourcecode.swift; path = BaseViewController.swift; sourceTree = "<group>"; };
/* End PBXFileReference section */

/* Begin PBXFrameworksBuildPhase section */
		C469F35023167404004F9C64 /* Frameworks */ = {
			isa = PBXFrameworksBuildPhase;
			buildActionMask = 2147483647;
			files = (
				C469F37F23167703004F9C64 /* Alamofire.framework in Frameworks */,
				C469F38023167703004F9C64 /* Kingfisher.framework in Frameworks */,
			);
			runOnlyForDeploymentPostprocessing = 0;
		};
		C469F36423167405004F9C64 /* Frameworks */ = {
			isa = PBXFrameworksBuildPhase;
			buildActionMask = 2147483647;
			files = (
			);
			runOnlyForDeploymentPostprocessing = 0;
		};
/* End PBXFrameworksBuildPhase section */

/* Begin PBXGroup section */
		C469F34A23167404004F9C64 = {
			isa = PBXGroup;
			children = (
				C469F35523167404004F9C64 /* MUTestApp */,
				C469F36A23167405004F9C64 /* MUTestAppTests */,
				C469F35423167404004F9C64 /* Products */,
				C469F37C23167702004F9C64 /* Frameworks */,
			);
			sourceTree = "<group>";
		};
		C469F35423167404004F9C64 /* Products */ = {
			isa = PBXGroup;
			children = (
				C469F35323167404004F9C64 /* MUTestApp.app */,
				C469F36723167405004F9C64 /* MUTestAppTests.xctest */,
			);
			name = Products;
			sourceTree = "<group>";
		};
		C469F35523167404004F9C64 /* MUTestApp */ = {
			isa = PBXGroup;
			children = (
				C469F37A231674B5004F9C64 /* Common */,
				C469F379231674B1004F9C64 /* Models */,
				C469F378231674AA004F9C64 /* Presentation */,
				C469F377231674A3004F9C64 /* Resources */,
				C469F3762316749C004F9C64 /* Services */,
				C469F35623167404004F9C64 /* AppDelegate.swift */,
				C469F42C2316B06C004F9C64 /* AppCoordinator.swift */,
				C469F36223167405004F9C64 /* Info.plist */,
			);
			path = MUTestApp;
			sourceTree = "<group>";
		};
		C469F36A23167405004F9C64 /* MUTestAppTests */ = {
			isa = PBXGroup;
			children = (
				C469F36B23167405004F9C64 /* MUTestAppTests.swift */,
				C469F36D23167405004F9C64 /* Info.plist */,
			);
			path = MUTestAppTests;
			sourceTree = "<group>";
		};
		C469F3762316749C004F9C64 /* Services */ = {
			isa = PBXGroup;
			children = (
				C469F44E2316D1EB004F9C64 /* MessagesNetworkService */,
				C469F42E2316B09B004F9C64 /* ServicesFactory.swift */,
			);
			path = Services;
			sourceTree = "<group>";
		};
		C469F377231674A3004F9C64 /* Resources */ = {
			isa = PBXGroup;
			children = (
				C469F42A2316B005004F9C64 /* Constants.swift */,
				C469F35D23167405004F9C64 /* Assets.xcassets */,
			);
			path = Resources;
			sourceTree = "<group>";
		};
		C469F378231674AA004F9C64 /* Presentation */ = {
			isa = PBXGroup;
			children = (
				C469F4322316B197004F9C64 /* Messages */,
				C469F4162316AF3D004F9C64 /* Common */,
				C469F35F23167405004F9C64 /* LaunchScreen.storyboard */,
				C469F4302316B0AD004F9C64 /* ModulesFactory.swift */,
			);
			path = Presentation;
			sourceTree = "<group>";
		};
		C469F379231674B1004F9C64 /* Models */ = {
			isa = PBXGroup;
			children = (
				C469F4262316AFF8004F9C64 /* Image.swift */,
				C469F4232316AFF8004F9C64 /* Message.swift */,
				C469F4242316AFF8004F9C64 /* Response */,
			);
			path = Models;
			sourceTree = "<group>";
		};
		C469F37A231674B5004F9C64 /* Common */ = {
			isa = PBXGroup;
			children = (
				C469F4512316DA8E004F9C64 /* Libs */,
				C469F4112316AF20004F9C64 /* Extentions */,
				C469F40F2316AF20004F9C64 /* Helpers */,
			);
			path = Common;
			sourceTree = "<group>";
		};
		C469F37C23167702004F9C64 /* Frameworks */ = {
			isa = PBXGroup;
			children = (
				C469F37D23167702004F9C64 /* Alamofire.framework */,
				C469F37E23167702004F9C64 /* Kingfisher.framework */,
			);
			name = Frameworks;
			sourceTree = "<group>";
		};
		C469F40F2316AF20004F9C64 /* Helpers */ = {
			isa = PBXGroup;
			children = (
				C469F4102316AF20004F9C64 /* Reachability.swift */,
			);
			path = Helpers;
			sourceTree = "<group>";
		};
		C469F4112316AF20004F9C64 /* Extentions */ = {
			isa = PBXGroup;
			children = (
				C469F4122316AF20004F9C64 /* Foundation */,
			);
			path = Extentions;
			sourceTree = "<group>";
		};
		C469F4122316AF20004F9C64 /* Foundation */ = {
			isa = PBXGroup;
			children = (
				C469F4132316AF20004F9C64 /* Completion.swift */,
			);
			path = Foundation;
			sourceTree = "<group>";
		};
		C469F4162316AF3D004F9C64 /* Common */ = {
			isa = PBXGroup;
			children = (
				C469F4172316AF3D004F9C64 /* Extentions */,
			);
			path = Common;
			sourceTree = "<group>";
		};
		C469F4172316AF3D004F9C64 /* Extentions */ = {
			isa = PBXGroup;
			children = (
				C469F4182316AF3D004F9C64 /* UIKit */,
			);
			path = Extentions;
			sourceTree = "<group>";
		};
		C469F4182316AF3D004F9C64 /* UIKit */ = {
			isa = PBXGroup;
			children = (
				C469F4192316AF3D004F9C64 /* UIViewController+ShowAlert.swift */,
				C469F41A2316AF3D004F9C64 /* Presentable.swift */,
				C469F41B2316AF3D004F9C64 /* Storyboard.swift */,
				C469F41C2316AF3D004F9C64 /* NavigationController.swift */,
				C469F4442316BA49004F9C64 /* UIImageView+setImage.swift */,
				C469F44A2316CD15004F9C64 /* UIViewController+Child.swift */,
				C469F46B2316E40B004F9C64 /* BaseViewController.swift */,
			);
			path = UIKit;
			sourceTree = "<group>";
		};
		C469F4242316AFF8004F9C64 /* Response */ = {
			isa = PBXGroup;
			children = (
				C469F4252316AFF8004F9C64 /* MessagesResponse.swift */,
			);
			path = Response;
			sourceTree = "<group>";
		};
		C469F4322316B197004F9C64 /* Messages */ = {
			isa = PBXGroup;
			children = (
				C469F4462316C8AA004F9C64 /* Controller */,
				C469F4332316B197004F9C64 /* Cells */,
				C469F4392316B197004F9C64 /* ViewController */,
				C469F4362316B197004F9C64 /* Messages.storyboard */,
				C469F4382316B197004F9C64 /* MessagesCoordinator.swift */,
			);
			path = Messages;
			sourceTree = "<group>";
		};
		C469F4332316B197004F9C64 /* Cells */ = {
			isa = PBXGroup;
			children = (
				C469F4342316B197004F9C64 /* MessageTableViewCell.swift */,
				C469F4352316B197004F9C64 /* MessageTableViewCell.xib */,
			);
			path = Cells;
			sourceTree = "<group>";
		};
		C469F4392316B197004F9C64 /* ViewController */ = {
			isa = PBXGroup;
			children = (
				C469F4492316CBDA004F9C64 /* Child */,
				C469F43A2316B197004F9C64 /* MessagesViewController.swift */,
			);
			path = ViewController;
			sourceTree = "<group>";
		};
		C469F4462316C8AA004F9C64 /* Controller */ = {
			isa = PBXGroup;
			children = (
				C469F4472316C8B5004F9C64 /* MessagesController.swift */,
			);
			path = Controller;
			sourceTree = "<group>";
		};
		C469F4492316CBDA004F9C64 /* Child */ = {
			isa = PBXGroup;
			children = (
				C469F43B2316B197004F9C64 /* EmptyViewController.swift */,
				C469F43C2316B197004F9C64 /* LoadingViewController.swift */,
			);
			path = Child;
			sourceTree = "<group>";
		};
		C469F44E2316D1EB004F9C64 /* MessagesNetworkService */ = {
			isa = PBXGroup;
			children = (
				C469F4212316AF7F004F9C64 /* MessagesNetworkService.swift */,
				C469F44F2316D1FA004F9C64 /* MockMessagesNetworkService.swift */,
			);
			path = MessagesNetworkService;
			sourceTree = "<group>";
		};
		C469F4512316DA8E004F9C64 /* Libs */ = {
			isa = PBXGroup;
			children = (
			);
			path = Libs;
			sourceTree = "<group>";
		};
/* End PBXGroup section */

/* Begin PBXNativeTarget section */
		C469F35223167404004F9C64 /* MUTestApp */ = {
			isa = PBXNativeTarget;
			buildConfigurationList = C469F37023167405004F9C64 /* Build configuration list for PBXNativeTarget "MUTestApp" */;
			buildPhases = (
				C469F34F23167404004F9C64 /* Sources */,
				C469F35023167404004F9C64 /* Frameworks */,
				C469F35123167404004F9C64 /* Resources */,
				C469F37B23167573004F9C64 /* Carthage */,
			);
			buildRules = (
			);
			dependencies = (
			);
			name = MUTestApp;
			productName = MUTestApp;
			productReference = C469F35323167404004F9C64 /* MUTestApp.app */;
			productType = "com.apple.product-type.application";
		};
		C469F36623167405004F9C64 /* MUTestAppTests */ = {
			isa = PBXNativeTarget;
			buildConfigurationList = C469F37323167405004F9C64 /* Build configuration list for PBXNativeTarget "MUTestAppTests" */;
			buildPhases = (
				C469F36323167405004F9C64 /* Sources */,
				C469F36423167405004F9C64 /* Frameworks */,
				C469F36523167405004F9C64 /* Resources */,
			);
			buildRules = (
			);
			dependencies = (
				C469F36923167405004F9C64 /* PBXTargetDependency */,
			);
			name = MUTestAppTests;
			productName = MUTestAppTests;
			productReference = C469F36723167405004F9C64 /* MUTestAppTests.xctest */;
			productType = "com.apple.product-type.bundle.unit-test";
		};
/* End PBXNativeTarget section */

/* Begin PBXProject section */
		C469F34B23167404004F9C64 /* Project object */ = {
			isa = PBXProject;
			attributes = {
				LastSwiftUpdateCheck = 1030;
				LastUpgradeCheck = 1030;
				ORGANIZATIONNAME = "Alexandr Klavsut";
				TargetAttributes = {
					C469F35223167404004F9C64 = {
						CreatedOnToolsVersion = 10.3;
					};
					C469F36623167405004F9C64 = {
						CreatedOnToolsVersion = 10.3;
						TestTargetID = C469F35223167404004F9C64;
					};
				};
			};
			buildConfigurationList = C469F34E23167404004F9C64 /* Build configuration list for PBXProject "MUTestApp" */;
			compatibilityVersion = "Xcode 9.3";
			developmentRegion = en;
			hasScannedForEncodings = 0;
			knownRegions = (
				en,
				Base,
			);
			mainGroup = C469F34A23167404004F9C64;
			productRefGroup = C469F35423167404004F9C64 /* Products */;
			projectDirPath = "";
			projectRoot = "";
			targets = (
				C469F35223167404004F9C64 /* MUTestApp */,
				C469F36623167405004F9C64 /* MUTestAppTests */,
			);
		};
/* End PBXProject section */

/* Begin PBXResourcesBuildPhase section */
		C469F35123167404004F9C64 /* Resources */ = {
			isa = PBXResourcesBuildPhase;
			buildActionMask = 2147483647;
			files = (
				C469F36123167405004F9C64 /* LaunchScreen.storyboard in Resources */,
				C469F43E2316B197004F9C64 /* MessageTableViewCell.xib in Resources */,
				C469F43F2316B197004F9C64 /* Messages.storyboard in Resources */,
				C469F35E23167405004F9C64 /* Assets.xcassets in Resources */,
			);
			runOnlyForDeploymentPostprocessing = 0;
		};
		C469F36523167405004F9C64 /* Resources */ = {
			isa = PBXResourcesBuildPhase;
			buildActionMask = 2147483647;
			files = (
			);
			runOnlyForDeploymentPostprocessing = 0;
		};
/* End PBXResourcesBuildPhase section */

/* Begin PBXShellScriptBuildPhase section */
		C469F37B23167573004F9C64 /* Carthage */ = {
			isa = PBXShellScriptBuildPhase;
			buildActionMask = 2147483647;
			files = (
			);
			inputFileListPaths = (
			);
			inputPaths = (
				"$(SRCROOT)/Carthage/Build/iOS/Alamofire.framework",
				"$(SRCROOT)/Carthage/Build/iOS/Kingfisher.framework",
			);
			name = Carthage;
			outputFileListPaths = (
			);
			outputPaths = (
				"$(BUILT_PRODUCTS_DIR)/$(FRAMEWORKS_FOLDER_PATH)/Alamofire.framework",
				"$(BUILT_PRODUCTS_DIR)/$(FRAMEWORKS_FOLDER_PATH)/Kingfisher.framework",
			);
			runOnlyForDeploymentPostprocessing = 0;
			shellPath = /bin/sh;
			shellScript = "/usr/local/bin/carthage copy-frameworks\n";
		};
/* End PBXShellScriptBuildPhase section */

/* Begin PBXSourcesBuildPhase section */
		C469F34F23167404004F9C64 /* Sources */ = {
			isa = PBXSourcesBuildPhase;
			buildActionMask = 2147483647;
			files = (
				C469F41D2316AF3D004F9C64 /* UIViewController+ShowAlert.swift in Sources */,
				C469F4502316D1FA004F9C64 /* MockMessagesNetworkService.swift in Sources */,
				C469F4152316AF20004F9C64 /* Completion.swift in Sources */,
				C469F42D2316B06C004F9C64 /* AppCoordinator.swift in Sources */,
				C469F4482316C8B5004F9C64 /* MessagesController.swift in Sources */,
				C469F4222316AF7F004F9C64 /* MessagesNetworkService.swift in Sources */,
				C469F4272316AFF8004F9C64 /* Message.swift in Sources */,
				C469F4422316B197004F9C64 /* EmptyViewController.swift in Sources */,
				C469F4452316BA49004F9C64 /* UIImageView+setImage.swift in Sources */,
				C469F4142316AF20004F9C64 /* Reachability.swift in Sources */,
				C469F4432316B197004F9C64 /* LoadingViewController.swift in Sources */,
				C469F41E2316AF3D004F9C64 /* Presentable.swift in Sources */,
				C469F4312316B0AD004F9C64 /* ModulesFactory.swift in Sources */,
				C469F41F2316AF3D004F9C64 /* Storyboard.swift in Sources */,
				C469F4202316AF3D004F9C64 /* NavigationController.swift in Sources */,
				C469F4282316AFF8004F9C64 /* MessagesResponse.swift in Sources */,
				C469F4292316AFF8004F9C64 /* Image.swift in Sources */,
				C469F44B2316CD15004F9C64 /* UIViewController+Child.swift in Sources */,
				C469F4412316B197004F9C64 /* MessagesViewController.swift in Sources */,
				C469F4402316B197004F9C64 /* MessagesCoordinator.swift in Sources */,
				C469F46C2316E40B004F9C64 /* BaseViewController.swift in Sources */,
				C469F35723167404004F9C64 /* AppDelegate.swift in Sources */,
				C469F43D2316B197004F9C64 /* MessageTableViewCell.swift in Sources */,
				C469F42F2316B09B004F9C64 /* ServicesFactory.swift in Sources */,
				C469F42B2316B006004F9C64 /* Constants.swift in Sources */,
			);
			runOnlyForDeploymentPostprocessing = 0;
		};
		C469F36323167405004F9C64 /* Sources */ = {
			isa = PBXSourcesBuildPhase;
			buildActionMask = 2147483647;
			files = (
				C469F36C23167405004F9C64 /* MUTestAppTests.swift in Sources */,
			);
			runOnlyForDeploymentPostprocessing = 0;
		};
/* End PBXSourcesBuildPhase section */

/* Begin PBXTargetDependency section */
		C469F36923167405004F9C64 /* PBXTargetDependency */ = {
			isa = PBXTargetDependency;
			target = C469F35223167404004F9C64 /* MUTestApp */;
			targetProxy = C469F36823167405004F9C64 /* PBXContainerItemProxy */;
		};
/* End PBXTargetDependency section */

/* Begin PBXVariantGroup section */
		C469F35F23167405004F9C64 /* LaunchScreen.storyboard */ = {
			isa = PBXVariantGroup;
			children = (
				C469F36023167405004F9C64 /* Base */,
			);
			name = LaunchScreen.storyboard;
			sourceTree = "<group>";
		};
		C469F4362316B197004F9C64 /* Messages.storyboard */ = {
			isa = PBXVariantGroup;
			children = (
				C469F4372316B197004F9C64 /* Base */,
			);
			name = Messages.storyboard;
			sourceTree = "<group>";
		};
/* End PBXVariantGroup section */

/* Begin XCBuildConfiguration section */
		C469F36E23167405004F9C64 /* Debug */ = {
			isa = XCBuildConfiguration;
			buildSettings = {
				ALWAYS_SEARCH_USER_PATHS = NO;
				CLANG_ANALYZER_NONNULL = YES;
				CLANG_ANALYZER_NUMBER_OBJECT_CONVERSION = YES_AGGRESSIVE;
				CLANG_CXX_LANGUAGE_STANDARD = "gnu++14";
				CLANG_CXX_LIBRARY = "libc++";
				CLANG_ENABLE_MODULES = YES;
				CLANG_ENABLE_OBJC_ARC = YES;
				CLANG_ENABLE_OBJC_WEAK = YES;
				CLANG_WARN_BLOCK_CAPTURE_AUTORELEASING = YES;
				CLANG_WARN_BOOL_CONVERSION = YES;
				CLANG_WARN_COMMA = YES;
				CLANG_WARN_CONSTANT_CONVERSION = YES;
				CLANG_WARN_DEPRECATED_OBJC_IMPLEMENTATIONS = YES;
				CLANG_WARN_DIRECT_OBJC_ISA_USAGE = YES_ERROR;
				CLANG_WARN_DOCUMENTATION_COMMENTS = YES;
				CLANG_WARN_EMPTY_BODY = YES;
				CLANG_WARN_ENUM_CONVERSION = YES;
				CLANG_WARN_INFINITE_RECURSION = YES;
				CLANG_WARN_INT_CONVERSION = YES;
				CLANG_WARN_NON_LITERAL_NULL_CONVERSION = YES;
				CLANG_WARN_OBJC_IMPLICIT_RETAIN_SELF = YES;
				CLANG_WARN_OBJC_LITERAL_CONVERSION = YES;
				CLANG_WARN_OBJC_ROOT_CLASS = YES_ERROR;
				CLANG_WARN_RANGE_LOOP_ANALYSIS = YES;
				CLANG_WARN_STRICT_PROTOTYPES = YES;
				CLANG_WARN_SUSPICIOUS_MOVE = YES;
				CLANG_WARN_UNGUARDED_AVAILABILITY = YES_AGGRESSIVE;
				CLANG_WARN_UNREACHABLE_CODE = YES;
				CLANG_WARN__DUPLICATE_METHOD_MATCH = YES;
				CODE_SIGN_IDENTITY = "iPhone Developer";
				COPY_PHASE_STRIP = NO;
				DEBUG_INFORMATION_FORMAT = dwarf;
				ENABLE_STRICT_OBJC_MSGSEND = YES;
				ENABLE_TESTABILITY = YES;
				GCC_C_LANGUAGE_STANDARD = gnu11;
				GCC_DYNAMIC_NO_PIC = NO;
				GCC_NO_COMMON_BLOCKS = YES;
				GCC_OPTIMIZATION_LEVEL = 0;
				GCC_PREPROCESSOR_DEFINITIONS = (
					"DEBUG=1",
					"$(inherited)",
				);
				GCC_WARN_64_TO_32_BIT_CONVERSION = YES;
				GCC_WARN_ABOUT_RETURN_TYPE = YES_ERROR;
				GCC_WARN_UNDECLARED_SELECTOR = YES;
				GCC_WARN_UNINITIALIZED_AUTOS = YES_AGGRESSIVE;
				GCC_WARN_UNUSED_FUNCTION = YES;
				GCC_WARN_UNUSED_VARIABLE = YES;
				IPHONEOS_DEPLOYMENT_TARGET = 12.4;
				MTL_ENABLE_DEBUG_INFO = INCLUDE_SOURCE;
				MTL_FAST_MATH = YES;
				ONLY_ACTIVE_ARCH = YES;
				SDKROOT = iphoneos;
				SWIFT_ACTIVE_COMPILATION_CONDITIONS = DEBUG;
				SWIFT_OPTIMIZATION_LEVEL = "-Onone";
			};
			name = Debug;
		};
		C469F36F23167405004F9C64 /* Release */ = {
			isa = XCBuildConfiguration;
			buildSettings = {
				ALWAYS_SEARCH_USER_PATHS = NO;
				CLANG_ANALYZER_NONNULL = YES;
				CLANG_ANALYZER_NUMBER_OBJECT_CONVERSION = YES_AGGRESSIVE;
				CLANG_CXX_LANGUAGE_STANDARD = "gnu++14";
				CLANG_CXX_LIBRARY = "libc++";
				CLANG_ENABLE_MODULES = YES;
				CLANG_ENABLE_OBJC_ARC = YES;
				CLANG_ENABLE_OBJC_WEAK = YES;
				CLANG_WARN_BLOCK_CAPTURE_AUTORELEASING = YES;
				CLANG_WARN_BOOL_CONVERSION = YES;
				CLANG_WARN_COMMA = YES;
				CLANG_WARN_CONSTANT_CONVERSION = YES;
				CLANG_WARN_DEPRECATED_OBJC_IMPLEMENTATIONS = YES;
				CLANG_WARN_DIRECT_OBJC_ISA_USAGE = YES_ERROR;
				CLANG_WARN_DOCUMENTATION_COMMENTS = YES;
				CLANG_WARN_EMPTY_BODY = YES;
				CLANG_WARN_ENUM_CONVERSION = YES;
				CLANG_WARN_INFINITE_RECURSION = YES;
				CLANG_WARN_INT_CONVERSION = YES;
				CLANG_WARN_NON_LITERAL_NULL_CONVERSION = YES;
				CLANG_WARN_OBJC_IMPLICIT_RETAIN_SELF = YES;
				CLANG_WARN_OBJC_LITERAL_CONVERSION = YES;
				CLANG_WARN_OBJC_ROOT_CLASS = YES_ERROR;
				CLANG_WARN_RANGE_LOOP_ANALYSIS = YES;
				CLANG_WARN_STRICT_PROTOTYPES = YES;
				CLANG_WARN_SUSPICIOUS_MOVE = YES;
				CLANG_WARN_UNGUARDED_AVAILABILITY = YES_AGGRESSIVE;
				CLANG_WARN_UNREACHABLE_CODE = YES;
				CLANG_WARN__DUPLICATE_METHOD_MATCH = YES;
				CODE_SIGN_IDENTITY = "iPhone Developer";
				COPY_PHASE_STRIP = NO;
				DEBUG_INFORMATION_FORMAT = "dwarf-with-dsym";
				ENABLE_NS_ASSERTIONS = NO;
				ENABLE_STRICT_OBJC_MSGSEND = YES;
				GCC_C_LANGUAGE_STANDARD = gnu11;
				GCC_NO_COMMON_BLOCKS = YES;
				GCC_WARN_64_TO_32_BIT_CONVERSION = YES;
				GCC_WARN_ABOUT_RETURN_TYPE = YES_ERROR;
				GCC_WARN_UNDECLARED_SELECTOR = YES;
				GCC_WARN_UNINITIALIZED_AUTOS = YES_AGGRESSIVE;
				GCC_WARN_UNUSED_FUNCTION = YES;
				GCC_WARN_UNUSED_VARIABLE = YES;
				IPHONEOS_DEPLOYMENT_TARGET = 12.4;
				MTL_ENABLE_DEBUG_INFO = NO;
				MTL_FAST_MATH = YES;
				SDKROOT = iphoneos;
				SWIFT_COMPILATION_MODE = wholemodule;
				SWIFT_OPTIMIZATION_LEVEL = "-O";
				VALIDATE_PRODUCT = YES;
			};
			name = Release;
		};
		C469F37123167405004F9C64 /* Debug */ = {
			isa = XCBuildConfiguration;
			buildSettings = {
				ASSETCATALOG_COMPILER_APPICON_NAME = AppIcon;
				CODE_SIGN_STYLE = Automatic;
				DEVELOPMENT_TEAM = YAHM95EV76;
				FRAMEWORK_SEARCH_PATHS = (
					"$(inherited)",
					"$(PROJECT_DIR)/Carthage/Build/iOS",
				);
				INFOPLIST_FILE = MUTestApp/Info.plist;
				IPHONEOS_DEPLOYMENT_TARGET = 11;
				LD_RUNPATH_SEARCH_PATHS = (
					"$(inherited)",
					"@executable_path/Frameworks",
				);
				PRODUCT_BUNDLE_IDENTIFIER = alekla.MUTestApp;
				PRODUCT_NAME = "$(TARGET_NAME)";
				SWIFT_VERSION = 5.0;
				TARGETED_DEVICE_FAMILY = 1;
			};
			name = Debug;
		};
		C469F37223167405004F9C64 /* Release */ = {
			isa = XCBuildConfiguration;
			buildSettings = {
				ASSETCATALOG_COMPILER_APPICON_NAME = AppIcon;
				CODE_SIGN_STYLE = Automatic;
				DEVELOPMENT_TEAM = YAHM95EV76;
				FRAMEWORK_SEARCH_PATHS = (
					"$(inherited)",
					"$(PROJECT_DIR)/Carthage/Build/iOS",
				);
				INFOPLIST_FILE = MUTestApp/Info.plist;
				IPHONEOS_DEPLOYMENT_TARGET = 11;
				LD_RUNPATH_SEARCH_PATHS = (
					"$(inherited)",
					"@executable_path/Frameworks",
				);
				PRODUCT_BUNDLE_IDENTIFIER = alekla.MUTestApp;
				PRODUCT_NAME = "$(TARGET_NAME)";
				SWIFT_VERSION = 5.0;
				TARGETED_DEVICE_FAMILY = 1;
			};
			name = Release;
		};
		C469F37423167405004F9C64 /* Debug */ = {
			isa = XCBuildConfiguration;
			buildSettings = {
				ALWAYS_EMBED_SWIFT_STANDARD_LIBRARIES = YES;
				BUNDLE_LOADER = "$(TEST_HOST)";
				CODE_SIGN_STYLE = Automatic;
				INFOPLIST_FILE = MUTestAppTests/Info.plist;
				LD_RUNPATH_SEARCH_PATHS = (
					"$(inherited)",
					"@executable_path/Frameworks",
					"@loader_path/Frameworks",
				);
				PRODUCT_BUNDLE_IDENTIFIER = alekla.MUTestAppTests;
				PRODUCT_NAME = "$(TARGET_NAME)";
				SWIFT_VERSION = 5.0;
				TARGETED_DEVICE_FAMILY = "1,2";
				TEST_HOST = "$(BUILT_PRODUCTS_DIR)/MUTestApp.app/MUTestApp";
			};
			name = Debug;
		};
		C469F37523167405004F9C64 /* Release */ = {
			isa = XCBuildConfiguration;
			buildSettings = {
				ALWAYS_EMBED_SWIFT_STANDARD_LIBRARIES = YES;
				BUNDLE_LOADER = "$(TEST_HOST)";
				CODE_SIGN_STYLE = Automatic;
				INFOPLIST_FILE = MUTestAppTests/Info.plist;
				LD_RUNPATH_SEARCH_PATHS = (
					"$(inherited)",
					"@executable_path/Frameworks",
					"@loader_path/Frameworks",
				);
				PRODUCT_BUNDLE_IDENTIFIER = alekla.MUTestAppTests;
				PRODUCT_NAME = "$(TARGET_NAME)";
				SWIFT_VERSION = 5.0;
				TARGETED_DEVICE_FAMILY = "1,2";
				TEST_HOST = "$(BUILT_PRODUCTS_DIR)/MUTestApp.app/MUTestApp";
			};
			name = Release;
		};
/* End XCBuildConfiguration section */

/* Begin XCConfigurationList section */
		C469F34E23167404004F9C64 /* Build configuration list for PBXProject "MUTestApp" */ = {
			isa = XCConfigurationList;
			buildConfigurations = (
				C469F36E23167405004F9C64 /* Debug */,
				C469F36F23167405004F9C64 /* Release */,
			);
			defaultConfigurationIsVisible = 0;
			defaultConfigurationName = Release;
		};
		C469F37023167405004F9C64 /* Build configuration list for PBXNativeTarget "MUTestApp" */ = {
			isa = XCConfigurationList;
			buildConfigurations = (
				C469F37123167405004F9C64 /* Debug */,
				C469F37223167405004F9C64 /* Release */,
			);
			defaultConfigurationIsVisible = 0;
			defaultConfigurationName = Release;
		};
		C469F37323167405004F9C64 /* Build configuration list for PBXNativeTarget "MUTestAppTests" */ = {
			isa = XCConfigurationList;
			buildConfigurations = (
				C469F37423167405004F9C64 /* Debug */,
				C469F37523167405004F9C64 /* Release */,
			);
			defaultConfigurationIsVisible = 0;
			defaultConfigurationName = Release;
		};
/* End XCConfigurationList section */
	};
	rootObject = C469F34B23167404004F9C64 /* Project object */;
}
